
Microsoft Visual Studio Solution File, Format Version 12.00
# Visual Studio Version 16
VisualStudioVersion = 16.0.34301.259
MinimumVisualStudioVersion = 10.0.40219.1
Project("{C9674DCB-5085-4A16-B785-4C70DD1589BD}") = "DSA", "DSA.dtproj", "{F806046C-8663-4682-B950-5E15C5A6317B}"
EndProject
Global
	GlobalSection(SolutionConfigurationPlatforms) = preSolution
		Development|Default = Development|Default
	EndGlobalSection
	GlobalSection(ProjectConfigurationPlatforms) = postSolution
		{F806046C-8663-4682-B950-5E15C5A6317B}.Development|Default.ActiveCfg = Development
		{F806046C-8663-4682-B950-5E15C5A6317B}.Development|Default.Build.0 = Development
	EndGlobalSection
	GlobalSection(SolutionProperties) = preSolution
		HideSolutionNode = FALSE
	EndGlobalSection
	GlobalSection(ExtensibilityGlobals) = postSolution
		SolutionGuid = {29C66736-A5A7-461F-A5E8-83552DA82D67}
	EndGlobalSection
EndGlobal
